
Microsoft Visual Studio Solution File, Format Version 12.00
# Visual Studio Version 17
VisualStudioVersion = 17.0.32126.317
MinimumVisualStudioVersion = 10.0.40219.1
Project("{FAE04EC0-301F-11D3-BF4B-00C04F79EFBC}") = "AutoFacOpenTelemetry", "AutoFacOpenTelemetry\AutoFacOpenTelemetry.csproj", "{073F8025-B843-4567-A753-33B6654AA1DA}"
EndProject
Global
	GlobalSection(SolutionConfigurationPlatforms) = preSolution
		Debug|Any CPU = Debug|Any CPU
		Release|Any CPU = Release|Any CPU
	EndGlobalSection
	GlobalSection(ProjectConfigurationPlatforms) = postSolution
		{073F8025-B843-4567-A753-33B6654AA1DA}.Debug|Any CPU.ActiveCfg = Debug|Any CPU
		{073F8025-B843-4567-A753-33B6654AA1DA}.Debug|Any CPU.Build.0 = Debug|Any CPU
		{073F8025-B843-4567-A753-33B6654AA1DA}.Release|Any CPU.ActiveCfg = Release|Any CPU
		{073F8025-B843-4567-A753-33B6654AA1DA}.Release|Any CPU.Build.0 = Release|Any CPU
	EndGlobalSection
	GlobalSection(SolutionProperties) = preSolution
		HideSolutionNode = FALSE
	EndGlobalSection
	GlobalSection(ExtensibilityGlobals) = postSolution
		SolutionGuid = {98E99D63-47DF-4FE6-800B-74D2C386C610}
	EndGlobalSection
EndGlobal
